// !$*UTF8*$!
{
	archiveVersion = 1;
	classes = {
	};
	objectVersion = 50;
	objects = {

/* Begin PBXBuildFile section */
		1B46728F29C214EA007431B8 /* Neno_Asessment_MarkAApp.swift in Sources */ = {isa = PBXBuildFile; fileRef = 1B46728E29C214EA007431B8 /* Neno_Asessment_MarkAApp.swift */; };
		1B46729129C214EA007431B8 /* ContentView.swift in Sources */ = {isa = PBXBuildFile; fileRef = 1B46729029C214EA007431B8 /* ContentView.swift */; };
		1B46729329C214EF007431B8 /* Assets.xcassets in Resources */ = {isa = PBXBuildFile; fileRef = 1B46729229C214EF007431B8 /* Assets.xcassets */; };
		1B46729629C214EF007431B8 /* Preview Assets.xcassets in Resources */ = {isa = PBXBuildFile; fileRef = 1B46729529C214EF007431B8 /* Preview Assets.xcassets */; };
		1B4672A129C214EF007431B8 /* Neno_Asessment_MarkATests.swift in Sources */ = {isa = PBXBuildFile; fileRef = 1B4672A029C214EF007431B8 /* Neno_Asessment_MarkATests.swift */; };
		1B4672AC29C214EF007431B8 /* Neno_Asessment_MarkAUITests.swift in Sources */ = {isa = PBXBuildFile; fileRef = 1B4672AB29C214EF007431B8 /* Neno_Asessment_MarkAUITests.swift */; };
/* End PBXBuildFile section */

/* Begin PBXContainerItemProxy section */
		1B46729D29C214EF007431B8 /* PBXContainerItemProxy */ = {
			isa = PBXContainerItemProxy;
			containerPortal = 1B46728329C214EA007431B8 /* Project object */;
			proxyType = 1;
			remoteGlobalIDString = 1B46728A29C214EA007431B8;
			remoteInfo = "Neno-Asessment-MarkA";
		};
		1B4672A829C214EF007431B8 /* PBXContainerItemProxy */ = {
			isa = PBXContainerItemProxy;
			containerPortal = 1B46728329C214EA007431B8 /* Project object */;
			proxyType = 1;
			remoteGlobalIDString = 1B46728A29C214EA007431B8;
			remoteInfo = "Neno-Asessment-MarkA";
		};
/* End PBXContainerItemProxy section */

/* Begin PBXFileReference section */
		1B46728B29C214EA007431B8 /* Neno-Asessment-MarkA.app */ = {isa = PBXFileReference; explicitFileType = wrapper.application; includeInIndex = 0; path = "Neno-Asessment-MarkA.app"; sourceTree = BUILT_PRODUCTS_DIR; };
		1B46728E29C214EA007431B8 /* Neno_Asessment_MarkAApp.swift */ = {isa = PBXFileReference; lastKnownFileType = sourcecode.swift; path = Neno_Asessment_MarkAApp.swift; sourceTree = "<group>"; };
		1B46729029C214EA007431B8 /* ContentView.swift */ = {isa = PBXFileReference; lastKnownFileType = sourcecode.swift; path = ContentView.swift; sourceTree = "<group>"; };
		1B46729229C214EF007431B8 /* Assets.xcassets */ = {isa = PBXFileReference; lastKnownFileType = folder.assetcatalog; path = Assets.xcassets; sourceTree = "<group>"; };
		1B46729529C214EF007431B8 /* Preview Assets.xcassets */ = {isa = PBXFileReference; lastKnownFileType = folder.assetcatalog; path = "Preview Assets.xcassets"; sourceTree = "<group>"; };
		1B46729729C214EF007431B8 /* Info.plist */ = {isa = PBXFileReference; lastKnownFileType = text.plist.xml; path = Info.plist; sourceTree = "<group>"; };
		1B46729C29C214EF007431B8 /* Neno-Asessment-MarkATests.xctest */ = {isa = PBXFileReference; explicitFileType = wrapper.cfbundle; includeInIndex = 0; path = "Neno-Asessment-MarkATests.xctest"; sourceTree = BUILT_PRODUCTS_DIR; };
		1B4672A029C214EF007431B8 /* Neno_Asessment_MarkATests.swift */ = {isa = PBXFileReference; lastKnownFileType = sourcecode.swift; path = Neno_Asessment_MarkATests.swift; sourceTree = "<group>"; };
		1B4672A229C214EF007431B8 /* Info.plist */ = {isa = PBXFileReference; lastKnownFileType = text.plist.xml; path = Info.plist; sourceTree = "<group>"; };
		1B4672A729C214EF007431B8 /* Neno-Asessment-MarkAUITests.xctest */ = {isa = PBXFileReference; explicitFileType = wrapper.cfbundle; includeInIndex = 0; path = "Neno-Asessment-MarkAUITests.xctest"; sourceTree = BUILT_PRODUCTS_DIR; };
		1B4672AB29C214EF007431B8 /* Neno_Asessment_MarkAUITests.swift */ = {isa = PBXFileReference; lastKnownFileType = sourcecode.swift; path = Neno_Asessment_MarkAUITests.swift; sourceTree = "<group>"; };
		1B4672AD29C214EF007431B8 /* Info.plist */ = {isa = PBXFileReference; lastKnownFileType = text.plist.xml; path = Info.plist; sourceTree = "<group>"; };
/* End PBXFileReference section */

/* Begin PBXFrameworksBuildPhase section */
		1B46728829C214EA007431B8 /* Frameworks */ = {
			isa = PBXFrameworksBuildPhase;
			buildActionMask = 2147483647;
			files = (
			);
			runOnlyForDeploymentPostprocessing = 0;
		};
		1B46729929C214EF007431B8 /* Frameworks */ = {
			isa = PBXFrameworksBuildPhase;
			buildActionMask = 2147483647;
			files = (
			);
			runOnlyForDeploymentPostprocessing = 0;
		};
		1B4672A429C214EF007431B8 /* Frameworks */ = {
			isa = PBXFrameworksBuildPhase;
			buildActionMask = 2147483647;
			files = (
			);
			runOnlyForDeploymentPostprocessing = 0;
		};
/* End PBXFrameworksBuildPhase section */

/* Begin PBXGroup section */
		1B46728229C214EA007431B8 = {
			isa = PBXGroup;
			children = (
				1B46728D29C214EA007431B8 /* Neno-Asessment-MarkA */,
				1B46729F29C214EF007431B8 /* Neno-Asessment-MarkATests */,
				1B4672AA29C214EF007431B8 /* Neno-Asessment-MarkAUITests */,
				1B46728C29C214EA007431B8 /* Products */,
			);
			sourceTree = "<group>";
		};
		1B46728C29C214EA007431B8 /* Products */ = {
			isa = PBXGroup;
			children = (
				1B46728B29C214EA007431B8 /* Neno-Asessment-MarkA.app */,
				1B46729C29C214EF007431B8 /* Neno-Asessment-MarkATests.xctest */,
				1B4672A729C214EF007431B8 /* Neno-Asessment-MarkAUITests.xctest */,
			);
			name = Products;
			sourceTree = "<group>";
		};
		1B46728D29C214EA007431B8 /* Neno-Asessment-MarkA */ = {
			isa = PBXGroup;
			children = (
				1B46728E29C214EA007431B8 /* Neno_Asessment_MarkAApp.swift */,
				1B46729029C214EA007431B8 /* ContentView.swift */,
				1B46729229C214EF007431B8 /* Assets.xcassets */,
				1B46729729C214EF007431B8 /* Info.plist */,
				1B46729429C214EF007431B8 /* Preview Content */,
			);
			path = "Neno-Asessment-MarkA";
			sourceTree = "<group>";
		};
		1B46729429C214EF007431B8 /* Preview Content */ = {
			isa = PBXGroup;
			children = (
				1B46729529C214EF007431B8 /* Preview Assets.xcassets */,
			);
			path = "Preview Content";
			sourceTree = "<group>";
		};
		1B46729F29C214EF007431B8 /* Neno-Asessment-MarkATests */ = {
			isa = PBXGroup;
			children = (
				1B4672A029C214EF007431B8 /* Neno_Asessment_MarkATests.swift */,
				1B4672A229C214EF007431B8 /* Info.plist */,
			);
			path = "Neno-Asessment-MarkATests";
			sourceTree = "<group>";
		};
		1B4672AA29C214EF007431B8 /* Neno-Asessment-MarkAUITests */ = {
			isa = PBXGroup;
			children = (
				1B4672AB29C214EF007431B8 /* Neno_Asessment_MarkAUITests.swift */,
				1B4672AD29C214EF007431B8 /* Info.plist */,
			);
			path = "Neno-Asessment-MarkAUITests";
			sourceTree = "<group>";
		};
/* End PBXGroup section */

/* Begin PBXNativeTarget section */
		1B46728A29C214EA007431B8 /* Neno-Asessment-MarkA */ = {
			isa = PBXNativeTarget;
			buildConfigurationList = 1B4672B029C214EF007431B8 /* Build configuration list for PBXNativeTarget "Neno-Asessment-MarkA" */;
			buildPhases = (
				1B46728729C214EA007431B8 /* Sources */,
				1B46728829C214EA007431B8 /* Frameworks */,
				1B46728929C214EA007431B8 /* Resources */,
			);
			buildRules = (
			);
			dependencies = (
			);
			name = "Neno-Asessment-MarkA";
			productName = "Neno-Asessment-MarkA";
			productReference = 1B46728B29C214EA007431B8 /* Neno-Asessment-MarkA.app */;
			productType = "com.apple.product-type.application";
		};
		1B46729B29C214EF007431B8 /* Neno-Asessment-MarkATests */ = {
			isa = PBXNativeTarget;
			buildConfigurationList = 1B4672B329C214EF007431B8 /* Build configuration list for PBXNativeTarget "Neno-Asessment-MarkATests" */;
			buildPhases = (
				1B46729829C214EF007431B8 /* Sources */,
				1B46729929C214EF007431B8 /* Frameworks */,
				1B46729A29C214EF007431B8 /* Resources */,
			);
			buildRules = (
			);
			dependencies = (
				1B46729E29C214EF007431B8 /* PBXTargetDependency */,
			);
			name = "Neno-Asessment-MarkATests";
			productName = "Neno-Asessment-MarkATests";
			productReference = 1B46729C29C214EF007431B8 /* Neno-Asessment-MarkATests.xctest */;
			productType = "com.apple.product-type.bundle.unit-test";
		};
		1B4672A629C214EF007431B8 /* Neno-Asessment-MarkAUITests */ = {
			isa = PBXNativeTarget;
			buildConfigurationList = 1B4672B629C214EF007431B8 /* Build configuration list for PBXNativeTarget "Neno-Asessment-MarkAUITests" */;
			buildPhases = (
				1B4672A329C214EF007431B8 /* Sources */,
				1B4672A429C214EF007431B8 /* Frameworks */,
				1B4672A529C214EF007431B8 /* Resources */,
			);
			buildRules = (
			);
			dependencies = (
				1B4672A929C214EF007431B8 /* PBXTargetDependency */,
			);
			name = "Neno-Asessment-MarkAUITests";
			productName = "Neno-Asessment-MarkAUITests";
			productReference = 1B4672A729C214EF007431B8 /* Neno-Asessment-MarkAUITests.xctest */;
			productType = "com.apple.product-type.bundle.ui-testing";
		};
/* End PBXNativeTarget section */

/* Begin PBXProject section */
		1B46728329C214EA007431B8 /* Project object */ = {
			isa = PBXProject;
			attributes = {
				LastSwiftUpdateCheck = 1250;
				LastUpgradeCheck = 1250;
				TargetAttributes = {
					1B46728A29C214EA007431B8 = {
						CreatedOnToolsVersion = 12.5.1;
					};
					1B46729B29C214EF007431B8 = {
						CreatedOnToolsVersion = 12.5.1;
						TestTargetID = 1B46728A29C214EA007431B8;
					};
					1B4672A629C214EF007431B8 = {
						CreatedOnToolsVersion = 12.5.1;
						TestTargetID = 1B46728A29C214EA007431B8;
					};
				};
			};
			buildConfigurationList = 1B46728629C214EA007431B8 /* Build configuration list for PBXProject "Neno-Asessment-MarkA" */;
			compatibilityVersion = "Xcode 9.3";
			developmentRegion = en;
			hasScannedForEncodings = 0;
			knownRegions = (
				en,
				Base,
			);
			mainGroup = 1B46728229C214EA007431B8;
			productRefGroup = 1B46728C29C214EA007431B8 /* Products */;
			projectDirPath = "";
			projectRoot = "";
			targets = (
				1B46728A29C214EA007431B8 /* Neno-Asessment-MarkA */,
				1B46729B29C214EF007431B8 /* Neno-Asessment-MarkATests */,
				1B4672A629C214EF007431B8 /* Neno-Asessment-MarkAUITests */,
			);
		};
/* End PBXProject section */

/* Begin PBXResourcesBuildPhase section */
		1B46728929C214EA007431B8 /* Resources */ = {
			isa = PBXResourcesBuildPhase;
			buildActionMask = 2147483647;
			files = (
				1B46729629C214EF007431B8 /* Preview Assets.xcassets in Resources */,
				1B46729329C214EF007431B8 /* Assets.xcassets in Resources */,
			);
			runOnlyForDeploymentPostprocessing = 0;
		};
		1B46729A29C214EF007431B8 /* Resources */ = {
			isa = PBXResourcesBuildPhase;
			buildActionMask = 2147483647;
			files = (
			);
			runOnlyForDeploymentPostprocessing = 0;
		};
		1B4672A529C214EF007431B8 /* Resources */ = {
			isa = PBXResourcesBuildPhase;
			buildActionMask = 2147483647;
			files = (
			);
			runOnlyForDeploymentPostprocessing = 0;
		};
/* End PBXResourcesBuildPhase section */

/* Begin PBXSourcesBuildPhase section */
		1B46728729C214EA007431B8 /* Sources */ = {
			isa = PBXSourcesBuildPhase;
			buildActionMask = 2147483647;
			files = (
				1B46729129C214EA007431B8 /* ContentView.swift in Sources */,
				1B46728F29C214EA007431B8 /* Neno_Asessment_MarkAApp.swift in Sources */,
			);
			runOnlyForDeploymentPostprocessing = 0;
		};
		1B46729829C214EF007431B8 /* Sources */ = {
			isa = PBXSourcesBuildPhase;
			buildActionMask = 2147483647;
			files = (
				1B4672A129C214EF007431B8 /* Neno_Asessment_MarkATests.swift in Sources */,
			);
			runOnlyForDeploymentPostprocessing = 0;
		};
		1B4672A329C214EF007431B8 /* Sources */ = {
			isa = PBXSourcesBuildPhase;
			buildActionMask = 2147483647;
			files = (
				1B4672AC29C214EF007431B8 /* Neno_Asessment_MarkAUITests.swift in Sources */,
			);
			runOnlyForDeploymentPostprocessing = 0;
		};
/* End PBXSourcesBuildPhase section */

/* Begin PBXTargetDependency section */
		1B46729E29C214EF007431B8 /* PBXTargetDependency */ = {
			isa = PBXTargetDependency;
			target = 1B46728A29C214EA007431B8 /* Neno-Asessment-MarkA */;
			targetProxy = 1B46729D29C214EF007431B8 /* PBXContainerItemProxy */;
		};
		1B4672A929C214EF007431B8 /* PBXTargetDependency */ = {
			isa = PBXTargetDependency;
			target = 1B46728A29C214EA007431B8 /* Neno-Asessment-MarkA */;
			targetProxy = 1B4672A829C214EF007431B8 /* PBXContainerItemProxy */;
		};
/* End PBXTargetDependency section */

/* Begin XCBuildConfiguration section */
		1B4672AE29C214EF007431B8 /* Debug */ = {
			isa = XCBuildConfiguration;
			buildSettings = {
				ALWAYS_SEARCH_USER_PATHS = NO;
				CLANG_ANALYZER_NONNULL = YES;
				CLANG_ANALYZER_NUMBER_OBJECT_CONVERSION = YES_AGGRESSIVE;
				CLANG_CXX_LANGUAGE_STANDARD = "gnu++14";
				CLANG_CXX_LIBRARY = "libc++";
				CLANG_ENABLE_MODULES = YES;
				CLANG_ENABLE_OBJC_ARC = YES;
				CLANG_ENABLE_OBJC_WEAK = YES;
				CLANG_WARN_BLOCK_CAPTURE_AUTORELEASING = YES;
				CLANG_WARN_BOOL_CONVERSION = YES;
				CLANG_WARN_COMMA = YES;
				CLANG_WARN_CONSTANT_CONVERSION = YES;
				CLANG_WARN_DEPRECATED_OBJC_IMPLEMENTATIONS = YES;
				CLANG_WARN_DIRECT_OBJC_ISA_USAGE = YES_ERROR;
				CLANG_WARN_DOCUMENTATION_COMMENTS = YES;
				CLANG_WARN_EMPTY_BODY = YES;
				CLANG_WARN_ENUM_CONVERSION = YES;
				CLANG_WARN_INFINITE_RECURSION = YES;
				CLANG_WARN_INT_CONVERSION = YES;
				CLANG_WARN_NON_LITERAL_NULL_CONVERSION = YES;
				CLANG_WARN_OBJC_IMPLICIT_RETAIN_SELF = YES;
				CLANG_WARN_OBJC_LITERAL_CONVERSION = YES;
				CLANG_WARN_OBJC_ROOT_CLASS = YES_ERROR;
				CLANG_WARN_QUOTED_INCLUDE_IN_FRAMEWORK_HEADER = YES;
				CLANG_WARN_RANGE_LOOP_ANALYSIS = YES;
				CLANG_WARN_STRICT_PROTOTYPES = YES;
				CLANG_WARN_SUSPICIOUS_MOVE = YES;
				CLANG_WARN_UNGUARDED_AVAILABILITY = YES_AGGRESSIVE;
				CLANG_WARN_UNREACHABLE_CODE = YES;
				CLANG_WARN__DUPLICATE_METHOD_MATCH = YES;
				COPY_PHASE_STRIP = NO;
				DEBUG_INFORMATION_FORMAT = dwarf;
				ENABLE_STRICT_OBJC_MSGSEND = YES;
				ENABLE_TESTABILITY = YES;
				GCC_C_LANGUAGE_STANDARD = gnu11;
				GCC_DYNAMIC_NO_PIC = NO;
				GCC_NO_COMMON_BLOCKS = YES;
				GCC_OPTIMIZATION_LEVEL = 0;
				GCC_PREPROCESSOR_DEFINITIONS = (
					"DEBUG=1",
					"$(inherited)",
				);
				GCC_WARN_64_TO_32_BIT_CONVERSION = YES;
				GCC_WARN_ABOUT_RETURN_TYPE = YES_ERROR;
				GCC_WARN_UNDECLARED_SELECTOR = YES;
				GCC_WARN_UNINITIALIZED_AUTOS = YES_AGGRESSIVE;
				GCC_WARN_UNUSED_FUNCTION = YES;
				GCC_WARN_UNUSED_VARIABLE = YES;
				IPHONEOS_DEPLOYMENT_TARGET = 14.5;
				MTL_ENABLE_DEBUG_INFO = INCLUDE_SOURCE;
				MTL_FAST_MATH = YES;
				ONLY_ACTIVE_ARCH = YES;
				SDKROOT = iphoneos;
				SWIFT_ACTIVE_COMPILATION_CONDITIONS = DEBUG;
				SWIFT_OPTIMIZATION_LEVEL = "-Onone";
			};
			name = Debug;
		};
		1B4672AF29C214EF007431B8 /* Release */ = {
			isa = XCBuildConfiguration;
			buildSettings = {
				ALWAYS_SEARCH_USER_PATHS = NO;
				CLANG_ANALYZER_NONNULL = YES;
				CLANG_ANALYZER_NUMBER_OBJECT_CONVERSION = YES_AGGRESSIVE;
				CLANG_CXX_LANGUAGE_STANDARD = "gnu++14";
				CLANG_CXX_LIBRARY = "libc++";
				CLANG_ENABLE_MODULES = YES;
				CLANG_ENABLE_OBJC_ARC = YES;
				CLANG_ENABLE_OBJC_WEAK = YES;
				CLANG_WARN_BLOCK_CAPTURE_AUTORELEASING = YES;
				CLANG_WARN_BOOL_CONVERSION = YES;
				CLANG_WARN_COMMA = YES;
				CLANG_WARN_CONSTANT_CONVERSION = YES;
				CLANG_WARN_DEPRECATED_OBJC_IMPLEMENTATIONS = YES;
				CLANG_WARN_DIRECT_OBJC_ISA_USAGE = YES_ERROR;
				CLANG_WARN_DOCUMENTATION_COMMENTS = YES;
				CLANG_WARN_EMPTY_BODY = YES;
				CLANG_WARN_ENUM_CONVERSION = YES;
				CLANG_WARN_INFINITE_RECURSION = YES;
				CLANG_WARN_INT_CONVERSION = YES;
				CLANG_WARN_NON_LITERAL_NULL_CONVERSION = YES;
				CLANG_WARN_OBJC_IMPLICIT_RETAIN_SELF = YES;
				CLANG_WARN_OBJC_LITERAL_CONVERSION = YES;
				CLANG_WARN_OBJC_ROOT_CLASS = YES_ERROR;
				CLANG_WARN_QUOTED_INCLUDE_IN_FRAMEWORK_HEADER = YES;
				CLANG_WARN_RANGE_LOOP_ANALYSIS = YES;
				CLANG_WARN_STRICT_PROTOTYPES = YES;
				CLANG_WARN_SUSPICIOUS_MOVE = YES;
				CLANG_WARN_UNGUARDED_AVAILABILITY = YES_AGGRESSIVE;
				CLANG_WARN_UNREACHABLE_CODE = YES;
				CLANG_WARN__DUPLICATE_METHOD_MATCH = YES;
				COPY_PHASE_STRIP = NO;
				DEBUG_INFORMATION_FORMAT = "dwarf-with-dsym";
				ENABLE_NS_ASSERTIONS = NO;
				ENABLE_STRICT_OBJC_MSGSEND = YES;
				GCC_C_LANGUAGE_STANDARD = gnu11;
				GCC_NO_COMMON_BLOCKS = YES;
				GCC_WARN_64_TO_32_BIT_CONVERSION = YES;
				GCC_WARN_ABOUT_RETURN_TYPE = YES_ERROR;
				GCC_WARN_UNDECLARED_SELECTOR = YES;
				GCC_WARN_UNINITIALIZED_AUTOS = YES_AGGRESSIVE;
				GCC_WARN_UNUSED_FUNCTION = YES;
				GCC_WARN_UNUSED_VARIABLE = YES;
				IPHONEOS_DEPLOYMENT_TARGET = 14.5;
				MTL_ENABLE_DEBUG_INFO = NO;
				MTL_FAST_MATH = YES;
				SDKROOT = iphoneos;
				SWIFT_COMPILATION_MODE = wholemodule;
				SWIFT_OPTIMIZATION_LEVEL = "-O";
				VALIDATE_PRODUCT = YES;
			};
			name = Release;
		};
		1B4672B129C214EF007431B8 /* Debug */ = {
			isa = XCBuildConfiguration;
			buildSettings = {
				ASSETCATALOG_COMPILER_APPICON_NAME = AppIcon;
				ASSETCATALOG_COMPILER_GLOBAL_ACCENT_COLOR_NAME = AccentColor;
				CODE_SIGN_STYLE = Automatic;
				DEVELOPMENT_ASSET_PATHS = "\"Neno-Asessment-MarkA/Preview Content\"";
				ENABLE_PREVIEWS = YES;
				INFOPLIST_FILE = "Neno-Asessment-MarkA/Info.plist";
				IPHONEOS_DEPLOYMENT_TARGET = 14.0;
				LD_RUNPATH_SEARCH_PATHS = (
					"$(inherited)",
					"@executable_path/Frameworks",
				);
				PRODUCT_BUNDLE_IDENTIFIER = "com.markalfordjr.Neno-Asessment-MarkA";
				PRODUCT_NAME = "$(TARGET_NAME)";
				SWIFT_VERSION = 5.0;
				TARGETED_DEVICE_FAMILY = "1,2";
			};
			name = Debug;
		};
		1B4672B229C214EF007431B8 /* Release */ = {
			isa = XCBuildConfiguration;
			buildSettings = {
				ASSETCATALOG_COMPILER_APPICON_NAME = AppIcon;
				ASSETCATALOG_COMPILER_GLOBAL_ACCENT_COLOR_NAME = AccentColor;
				CODE_SIGN_STYLE = Automatic;
				DEVELOPMENT_ASSET_PATHS = "\"Neno-Asessment-MarkA/Preview Content\"";
				ENABLE_PREVIEWS = YES;
				INFOPLIST_FILE = "Neno-Asessment-MarkA/Info.plist";
				IPHONEOS_DEPLOYMENT_TARGET = 14.0;
				LD_RUNPATH_SEARCH_PATHS = (
					"$(inherited)",
					"@executable_path/Frameworks",
				);
				PRODUCT_BUNDLE_IDENTIFIER = "com.markalfordjr.Neno-Asessment-MarkA";
				PRODUCT_NAME = "$(TARGET_NAME)";
				SWIFT_VERSION = 5.0;
				TARGETED_DEVICE_FAMILY = "1,2";
			};
			name = Release;
		};
		1B4672B429C214EF007431B8 /* Debug */ = {
			isa = XCBuildConfiguration;
			buildSettings = {
				ALWAYS_EMBED_SWIFT_STANDARD_LIBRARIES = YES;
				BUNDLE_LOADER = "$(TEST_HOST)";
				CODE_SIGN_STYLE = Automatic;
				INFOPLIST_FILE = "Neno-Asessment-MarkATests/Info.plist";
				IPHONEOS_DEPLOYMENT_TARGET = 14.0;
				LD_RUNPATH_SEARCH_PATHS = (
					"$(inherited)",
					"@executable_path/Frameworks",
					"@loader_path/Frameworks",
				);
				PRODUCT_BUNDLE_IDENTIFIER = "com.markalfordjr.Neno-Asessment-MarkATests";
				PRODUCT_NAME = "$(TARGET_NAME)";
				SWIFT_VERSION = 5.0;
				TARGETED_DEVICE_FAMILY = "1,2";
				TEST_HOST = "$(BUILT_PRODUCTS_DIR)/Neno-Asessment-MarkA.app/Neno-Asessment-MarkA";
			};
			name = Debug;
		};
		1B4672B529C214EF007431B8 /* Release */ = {
			isa = XCBuildConfiguration;
			buildSettings = {
				ALWAYS_EMBED_SWIFT_STANDARD_LIBRARIES = YES;
				BUNDLE_LOADER = "$(TEST_HOST)";
				CODE_SIGN_STYLE = Automatic;
				INFOPLIST_FILE = "Neno-Asessment-MarkATests/Info.plist";
				IPHONEOS_DEPLOYMENT_TARGET = 14.0;
				LD_RUNPATH_SEARCH_PATHS = (
					"$(inherited)",
					"@executable_path/Frameworks",
					"@loader_path/Frameworks",
				);
				PRODUCT_BUNDLE_IDENTIFIER = "com.markalfordjr.Neno-Asessment-MarkATests";
				PRODUCT_NAME = "$(TARGET_NAME)";
				SWIFT_VERSION = 5.0;
				TARGETED_DEVICE_FAMILY = "1,2";
				TEST_HOST = "$(BUILT_PRODUCTS_DIR)/Neno-Asessment-MarkA.app/Neno-Asessment-MarkA";
			};
			name = Release;
		};
		1B4672B729C214EF007431B8 /* Debug */ = {
			isa = XCBuildConfiguration;
			buildSettings = {
				ALWAYS_EMBED_SWIFT_STANDARD_LIBRARIES = YES;
				CODE_SIGN_STYLE = Automatic;
				INFOPLIST_FILE = "Neno-Asessment-MarkAUITests/Info.plist";
				LD_RUNPATH_SEARCH_PATHS = (
					"$(inherited)",
					"@executable_path/Frameworks",
					"@loader_path/Frameworks",
				);
				PRODUCT_BUNDLE_IDENTIFIER = "com.markalfordjr.Neno-Asessment-MarkAUITests";
				PRODUCT_NAME = "$(TARGET_NAME)";
				SWIFT_VERSION = 5.0;
				TARGETED_DEVICE_FAMILY = "1,2";
				TEST_TARGET_NAME = "Neno-Asessment-MarkA";
			};
			name = Debug;
		};
		1B4672B829C214EF007431B8 /* Release */ = {
			isa = XCBuildConfiguration;
			buildSettings = {
				ALWAYS_EMBED_SWIFT_STANDARD_LIBRARIES = YES;
				CODE_SIGN_STYLE = Automatic;
				INFOPLIST_FILE = "Neno-Asessment-MarkAUITests/Info.plist";
				LD_RUNPATH_SEARCH_PATHS = (
					"$(inherited)",
					"@executable_path/Frameworks",
					"@loader_path/Frameworks",
				);
				PRODUCT_BUNDLE_IDENTIFIER = "com.markalfordjr.Neno-Asessment-MarkAUITests";
				PRODUCT_NAME = "$(TARGET_NAME)";
				SWIFT_VERSION = 5.0;
				TARGETED_DEVICE_FAMILY = "1,2";
				TEST_TARGET_NAME = "Neno-Asessment-MarkA";
			};
			name = Release;
		};
/* End XCBuildConfiguration section */

/* Begin XCConfigurationList section */
		1B46728629C214EA007431B8 /* Build configuration list for PBXProject "Neno-Asessment-MarkA" */ = {
			isa = XCConfigurationList;
			buildConfigurations = (
				1B4672AE29C214EF007431B8 /* Debug */,
				1B4672AF29C214EF007431B8 /* Release */,
			);
			defaultConfigurationIsVisible = 0;
			defaultConfigurationName = Release;
		};
		1B4672B029C214EF007431B8 /* Build configuration list for PBXNativeTarget "Neno-Asessment-MarkA" */ = {
			isa = XCConfigurationList;
			buildConfigurations = (
				1B4672B129C214EF007431B8 /* Debug */,
				1B4672B229C214EF007431B8 /* Release */,
			);
			defaultConfigurationIsVisible = 0;
			defaultConfigurationName = Release;
		};
		1B4672B329C214EF007431B8 /* Build configuration list for PBXNativeTarget "Neno-Asessment-MarkATests" */ = {
			isa = XCConfigurationList;
			buildConfigurations = (
				1B4672B429C214EF007431B8 /* Debug */,
				1B4672B529C214EF007431B8 /* Release */,
			);
			defaultConfigurationIsVisible = 0;
			defaultConfigurationName = Release;
		};
		1B4672B629C214EF007431B8 /* Build configuration list for PBXNativeTarget "Neno-Asessment-MarkAUITests" */ = {
			isa = XCConfigurationList;
			buildConfigurations = (
				1B4672B729C214EF007431B8 /* Debug */,
				1B4672B829C214EF007431B8 /* Release */,
			);
			defaultConfigurationIsVisible = 0;
			defaultConfigurationName = Release;
		};
/* End XCConfigurationList section */
	};
	rootObject = 1B46728329C214EA007431B8 /* Project object */;
}
